
Microsoft Visual Studio Solution File, Format Version 12.00
# Visual Studio Version 16
VisualStudioVersion = 16.0.30320.27
MinimumVisualStudioVersion = 10.0.40219.1
Project("{2150E333-8FDC-42A3-9474-1A3956D46DE8}") = "urf.lib", "urf.lib", "{D641147D-6D1B-42E7-9931-5663AEE3061B}"
	ProjectSection(SolutionItems) = preProject
		urf.lib\Repository.Pattern.dll = urf.lib\Repository.Pattern.dll
		urf.lib\Repository.Pattern.Ef6.dll = urf.lib\Repository.Pattern.Ef6.dll
		urf.lib\Service.Pattern.dll = urf.lib\Service.Pattern.dll
	EndProjectSection
EndProject
Project("{2150E333-8FDC-42A3-9474-1A3956D46DE8}") = "WebSite", "WebSite", "{7D194A82-EF63-4FF3-BD68-1D99848227D7}"
EndProject
Project("{FAE04EC0-301F-11D3-BF4B-00C04F79EFBC}") = "WebApp", "WebSite\WebApp\WebApp.csproj", "{BDBD18FD-EDB6-488B-B7A9-984970CA7CEE}"
EndProject
Project("{2150E333-8FDC-42A3-9474-1A3956D46DE8}") = "WFSAPInterface", "WFSAPInterface", "{5CA01F4F-1E8A-4C60-AB68-CC2523DBB54D}"
EndProject
Project("{FAE04EC0-301F-11D3-BF4B-00C04F79EFBC}") = "VPCSyncSAPtoWorkflow", "WFSAPInterface\VPCSyncSAPtoWorkflow\VPCSyncSAPtoWorkflow.csproj", "{790ABF24-F6E3-4753-8B8B-84C8AB54FF60}"
EndProject
Project("{FAE04EC0-301F-11D3-BF4B-00C04F79EFBC}") = "VHSSyncSAPToWorkFlow", "WFSAPInterface\VHSSyncSAPToWorkFlow\VHSSyncSAPToWorkFlow.csproj", "{7CD4CA08-9F4A-491C-AC1B-1EB38EB29820}"
EndProject
Project("{FAE04EC0-301F-11D3-BF4B-00C04F79EFBC}") = "VPCVendorSAPtoWorkflow", "WFSAPInterface\VPCVendorSAPtoWorkflow\VPCVendorSAPtoWorkflow.csproj", "{7E5BB7AA-BB23-4813-A976-3CABC0619907}"
EndProject
Project("{2150E333-8FDC-42A3-9474-1A3956D46DE8}") = "saplib", "saplib", "{EDBA2E34-2490-4E40-AE39-BAC66503D1A4}"
	ProjectSection(SolutionItems) = preProject
		WFSAPInterface\saplib\SAP.Connector.dll = WFSAPInterface\saplib\SAP.Connector.dll
		WFSAPInterface\saplib\SAP.Connector.Rfc.dll = WFSAPInterface\saplib\SAP.Connector.Rfc.dll
		WFSAPInterface\saplib\sapnco.dll = WFSAPInterface\saplib\sapnco.dll
		WFSAPInterface\saplib\sapnco_utils.dll = WFSAPInterface\saplib\sapnco_utils.dll
		WFSAPInterface\saplib\SAPVoithProxy.dll = WFSAPInterface\saplib\SAPVoithProxy.dll
	EndProjectSection
EndProject
Global
	GlobalSection(SolutionConfigurationPlatforms) = preSolution
		Debug|Any CPU = Debug|Any CPU
		Release|Any CPU = Release|Any CPU
	EndGlobalSection
	GlobalSection(ProjectConfigurationPlatforms) = postSolution
		{BDBD18FD-EDB6-488B-B7A9-984970CA7CEE}.Debug|Any CPU.ActiveCfg = Debug|Any CPU
		{BDBD18FD-EDB6-488B-B7A9-984970CA7CEE}.Debug|Any CPU.Build.0 = Debug|Any CPU
		{BDBD18FD-EDB6-488B-B7A9-984970CA7CEE}.Release|Any CPU.ActiveCfg = Release|Any CPU
		{BDBD18FD-EDB6-488B-B7A9-984970CA7CEE}.Release|Any CPU.Build.0 = Release|Any CPU
		{790ABF24-F6E3-4753-8B8B-84C8AB54FF60}.Debug|Any CPU.ActiveCfg = Debug|Any CPU
		{790ABF24-F6E3-4753-8B8B-84C8AB54FF60}.Debug|Any CPU.Build.0 = Debug|Any CPU
		{790ABF24-F6E3-4753-8B8B-84C8AB54FF60}.Release|Any CPU.ActiveCfg = Release|Any CPU
		{790ABF24-F6E3-4753-8B8B-84C8AB54FF60}.Release|Any CPU.Build.0 = Release|Any CPU
		{7CD4CA08-9F4A-491C-AC1B-1EB38EB29820}.Debug|Any CPU.ActiveCfg = Debug|Any CPU
		{7CD4CA08-9F4A-491C-AC1B-1EB38EB29820}.Debug|Any CPU.Build.0 = Debug|Any CPU
		{7CD4CA08-9F4A-491C-AC1B-1EB38EB29820}.Release|Any CPU.ActiveCfg = Release|Any CPU
		{7CD4CA08-9F4A-491C-AC1B-1EB38EB29820}.Release|Any CPU.Build.0 = Release|Any CPU
		{7E5BB7AA-BB23-4813-A976-3CABC0619907}.Debug|Any CPU.ActiveCfg = Debug|Any CPU
		{7E5BB7AA-BB23-4813-A976-3CABC0619907}.Debug|Any CPU.Build.0 = Debug|Any CPU
		{7E5BB7AA-BB23-4813-A976-3CABC0619907}.Release|Any CPU.ActiveCfg = Release|Any CPU
		{7E5BB7AA-BB23-4813-A976-3CABC0619907}.Release|Any CPU.Build.0 = Release|Any CPU
	EndGlobalSection
	GlobalSection(SolutionProperties) = preSolution
		HideSolutionNode = FALSE
	EndGlobalSection
	GlobalSection(NestedProjects) = preSolution
		{BDBD18FD-EDB6-488B-B7A9-984970CA7CEE} = {7D194A82-EF63-4FF3-BD68-1D99848227D7}
		{790ABF24-F6E3-4753-8B8B-84C8AB54FF60} = {5CA01F4F-1E8A-4C60-AB68-CC2523DBB54D}
		{7CD4CA08-9F4A-491C-AC1B-1EB38EB29820} = {5CA01F4F-1E8A-4C60-AB68-CC2523DBB54D}
		{7E5BB7AA-BB23-4813-A976-3CABC0619907} = {5CA01F4F-1E8A-4C60-AB68-CC2523DBB54D}
		{EDBA2E34-2490-4E40-AE39-BAC66503D1A4} = {5CA01F4F-1E8A-4C60-AB68-CC2523DBB54D}
	EndGlobalSection
	GlobalSection(ExtensibilityGlobals) = postSolution
		SolutionGuid = {892DE1D1-5C6F-418A-91AD-3C6A06F9C123}
	EndGlobalSection
EndGlobal
